
Microsoft Visual Studio Solution File, Format Version 12.00
# Visual Studio Version 17
VisualStudioVersion = 17.5.33209.295
MinimumVisualStudioVersion = 10.0.40219.1
Project("{FAE04EC0-301F-11D3-BF4B-00C04F79EFBC}") = "Hangfire.WebAPI", "Hangfire.WebAPI\Hangfire.WebAPI.csproj", "{F76E4ABA-7CD3-ADB1-3B3B-3AB6FED4B0E8}"
EndProject
Global
	GlobalSection(SolutionConfigurationPlatforms) = preSolution
		Debug|Any CPU = Debug|Any CPU
		Release|Any CPU = Release|Any CPU
	EndGlobalSection
	GlobalSection(ProjectConfigurationPlatforms) = postSolution
		{F76E4ABA-7CD3-ADB1-3B3B-3AB6FED4B0E8}.Debug|Any CPU.ActiveCfg = Debug|Any CPU
		{F76E4ABA-7CD3-ADB1-3B3B-3AB6FED4B0E8}.Debug|Any CPU.Build.0 = Debug|Any CPU
		{F76E4ABA-7CD3-ADB1-3B3B-3AB6FED4B0E8}.Release|Any CPU.ActiveCfg = Release|Any CPU
		{F76E4ABA-7CD3-ADB1-3B3B-3AB6FED4B0E8}.Release|Any CPU.Build.0 = Release|Any CPU
	EndGlobalSection
	GlobalSection(SolutionProperties) = preSolution
		HideSolutionNode = FALSE
	EndGlobalSection
	GlobalSection(ExtensibilityGlobals) = postSolution
		SolutionGuid = {8997A13C-B409-42E3-BC37-79536BCB7BE2}
	EndGlobalSection
EndGlobal
